// !$*UTF8*$!
{
	archiveVersion = 1;
	classes = {
	};
	objectVersion = 46;
	objects = {

/* Begin PBXBuildFile section */
		68E8AB166849504BEC1F2A28 /* Pods_Story.framework in Frameworks */ = {isa = PBXBuildFile; fileRef = 7E04D50B9B9CC50509AB9515 /* Pods_Story.framework */; };
		87CF45C30B9D6B739C6D413E /* Pods_StoryTests.framework in Frameworks */ = {isa = PBXBuildFile; fileRef = A33AE9BE45C60232CE38C2BE /* Pods_StoryTests.framework */; };
		FC4888491C4A49380084E5EE /* PFConfig+Defaults.swift in Sources */ = {isa = PBXBuildFile; fileRef = FC4888481C4A49380084E5EE /* PFConfig+Defaults.swift */; };
		FC48884B1C4AA6430084E5EE /* Bookmark.swift in Sources */ = {isa = PBXBuildFile; fileRef = FC48884A1C4AA6430084E5EE /* Bookmark.swift */; };
		FC48884D1C4AC0D20084E5EE /* NSObject+Delay.swift in Sources */ = {isa = PBXBuildFile; fileRef = FC48884C1C4AC0D20084E5EE /* NSObject+Delay.swift */; };
		FC48884F1C4AF2590084E5EE /* BookmarkCell.swift in Sources */ = {isa = PBXBuildFile; fileRef = FC48884E1C4AF2590084E5EE /* BookmarkCell.swift */; };
		FC4AEAF01C48564900BB1003 /* String+Localized.swift in Sources */ = {isa = PBXBuildFile; fileRef = FC4AEAEF1C48564900BB1003 /* String+Localized.swift */; };
		FC6E3DE11B6804DF00D651CF /* AppDelegate.swift in Sources */ = {isa = PBXBuildFile; fileRef = FC6E3DE01B6804DF00D651CF /* AppDelegate.swift */; };
		FC6E3DE81B6804DF00D651CF /* Main.storyboard in Resources */ = {isa = PBXBuildFile; fileRef = FC6E3DE61B6804DF00D651CF /* Main.storyboard */; };
		FC6E3DEA1B6804DF00D651CF /* Images.xcassets in Resources */ = {isa = PBXBuildFile; fileRef = FC6E3DE91B6804DF00D651CF /* Images.xcassets */; };
		FC6E3DED1B6804DF00D651CF /* LaunchScreen.xib in Resources */ = {isa = PBXBuildFile; fileRef = FC6E3DEB1B6804DF00D651CF /* LaunchScreen.xib */; };
		FC6E3DF91B6804DF00D651CF /* StoryTests.swift in Sources */ = {isa = PBXBuildFile; fileRef = FC6E3DF81B6804DF00D651CF /* StoryTests.swift */; };
		FC6E3E061B6805B600D651CF /* AudioToolbox.framework in Frameworks */ = {isa = PBXBuildFile; fileRef = FC6E3E051B6805B600D651CF /* AudioToolbox.framework */; };
		FC6E3E081B6805BC00D651CF /* CFNetwork.framework in Frameworks */ = {isa = PBXBuildFile; fileRef = FC6E3E071B6805BC00D651CF /* CFNetwork.framework */; };
		FC6E3E0A1B6805C300D651CF /* CoreGraphics.framework in Frameworks */ = {isa = PBXBuildFile; fileRef = FC6E3E091B6805C300D651CF /* CoreGraphics.framework */; };
		FC6E3E0C1B6805CA00D651CF /* CoreLocation.framework in Frameworks */ = {isa = PBXBuildFile; fileRef = FC6E3E0B1B6805CA00D651CF /* CoreLocation.framework */; };
		FC6E3E0E1B6805D000D651CF /* QuartzCore.framework in Frameworks */ = {isa = PBXBuildFile; fileRef = FC6E3E0D1B6805D000D651CF /* QuartzCore.framework */; };
		FC6E3E101B6805D600D651CF /* Security.framework in Frameworks */ = {isa = PBXBuildFile; fileRef = FC6E3E0F1B6805D600D651CF /* Security.framework */; };
		FC6E3E121B6805DC00D651CF /* StoreKit.framework in Frameworks */ = {isa = PBXBuildFile; fileRef = FC6E3E111B6805DC00D651CF /* StoreKit.framework */; };
		FC6E3E141B6805E300D651CF /* SystemConfiguration.framework in Frameworks */ = {isa = PBXBuildFile; fileRef = FC6E3E131B6805E300D651CF /* SystemConfiguration.framework */; };
		FC6E3E161B6805EB00D651CF /* libz.dylib in Frameworks */ = {isa = PBXBuildFile; fileRef = FC6E3E151B6805EB00D651CF /* libz.dylib */; };
		FC6E3E181B6805F300D651CF /* libsqlite3.dylib in Frameworks */ = {isa = PBXBuildFile; fileRef = FC6E3E171B6805F300D651CF /* libsqlite3.dylib */; };
		FC89B5C61B696C8C0037ABE5 /* Color Pattern.png in Resources */ = {isa = PBXBuildFile; fileRef = FC89B5C51B696C8C0037ABE5 /* Color Pattern.png */; };
		FC89B5C81B696DCD0037ABE5 /* Blue Palette.png in Resources */ = {isa = PBXBuildFile; fileRef = FC89B5C71B696DCD0037ABE5 /* Blue Palette.png */; };
		FC89B5CD1B6974790037ABE5 /* SZTextView.m in Sources */ = {isa = PBXBuildFile; fileRef = FC89B5CC1B6974790037ABE5 /* SZTextView.m */; };
		FC9160831C4951C300908E71 /* UIDevice+PlatformString.m in Sources */ = {isa = PBXBuildFile; fileRef = FC9160821C4951C300908E71 /* UIDevice+PlatformString.m */; };
		FC9160851C49520800908E71 /* Reachability.swift in Sources */ = {isa = PBXBuildFile; fileRef = FC9160841C49520800908E71 /* Reachability.swift */; };
		FC9160871C49580400908E71 /* String+Replacing.swift in Sources */ = {isa = PBXBuildFile; fileRef = FC9160861C49580400908E71 /* String+Replacing.swift */; };
		FC9BCC9E1B6D626900806A71 /* UIViewController+SimpleAlert.swift in Sources */ = {isa = PBXBuildFile; fileRef = FC9BCC9D1B6D626900806A71 /* UIViewController+SimpleAlert.swift */; };
		FCA1F9F71B6E2E2700E32582 /* Ranks.swift in Sources */ = {isa = PBXBuildFile; fileRef = FCA1F9F61B6E2E2700E32582 /* Ranks.swift */; };
		FCA1F9F91B6E317000E32582 /* Ranks.plist in Resources */ = {isa = PBXBuildFile; fileRef = FCA1F9F81B6E317000E32582 /* Ranks.plist */; };
		FCA1F9FB1B6E462700E32582 /* PFUser+Data.swift in Sources */ = {isa = PBXBuildFile; fileRef = FCA1F9FA1B6E462700E32582 /* PFUser+Data.swift */; };
		FCA1F9FE1B6E4AE000E32582 /* Localizable.strings in Resources */ = {isa = PBXBuildFile; fileRef = FCA1F9FC1B6E4AE000E32582 /* Localizable.strings */; };
		FCA1FA011B6E52E000E32582 /* UIView+Shake.swift in Sources */ = {isa = PBXBuildFile; fileRef = FCA1FA001B6E52E000E32582 /* UIView+Shake.swift */; };
		FCAD64AE1C47D87A00CDB9CB /* ViewController.swift in Sources */ = {isa = PBXBuildFile; fileRef = FCAD64AD1C47D87A00CDB9CB /* ViewController.swift */; };
		FCAD64B11C47ECFE00CDB9CB /* Node.swift in Sources */ = {isa = PBXBuildFile; fileRef = FCAD64B01C47ECFE00CDB9CB /* Node.swift */; };
		FCE424F71B6CEECE00D3B922 /* UIColor+Theme.swift in Sources */ = {isa = PBXBuildFile; fileRef = FCE424F61B6CEECE00D3B922 /* UIColor+Theme.swift */; };
		FCE54CD41B6ABB0E00E3612B /* SmartButton.swift in Sources */ = {isa = PBXBuildFile; fileRef = FCE54CD31B6ABB0E00E3612B /* SmartButton.swift */; };
/* End PBXBuildFile section */

/* Begin PBXContainerItemProxy section */
		FC6E3DF31B6804DF00D651CF /* PBXContainerItemProxy */ = {
			isa = PBXContainerItemProxy;
			containerPortal = FC6E3DD31B6804DF00D651CF /* Project object */;
			proxyType = 1;
			remoteGlobalIDString = FC6E3DDA1B6804DF00D651CF;
			remoteInfo = Story;
		};
/* End PBXContainerItemProxy section */

/* Begin PBXFileReference section */
		20995027E3DF0B25275A3152 /* Pods-StoryTests.release.xcconfig */ = {isa = PBXFileReference; includeInIndex = 1; lastKnownFileType = text.xcconfig; name = "Pods-StoryTests.release.xcconfig"; path = "Pods/Target Support Files/Pods-StoryTests/Pods-StoryTests.release.xcconfig"; sourceTree = "<group>"; };
		75FF0A08408C6DC3FECE197F /* Pods-Story.release.xcconfig */ = {isa = PBXFileReference; includeInIndex = 1; lastKnownFileType = text.xcconfig; name = "Pods-Story.release.xcconfig"; path = "Pods/Target Support Files/Pods-Story/Pods-Story.release.xcconfig"; sourceTree = "<group>"; };
		7E04D50B9B9CC50509AB9515 /* Pods_Story.framework */ = {isa = PBXFileReference; explicitFileType = wrapper.framework; includeInIndex = 0; path = Pods_Story.framework; sourceTree = BUILT_PRODUCTS_DIR; };
		A33AE9BE45C60232CE38C2BE /* Pods_StoryTests.framework */ = {isa = PBXFileReference; explicitFileType = wrapper.framework; includeInIndex = 0; path = Pods_StoryTests.framework; sourceTree = BUILT_PRODUCTS_DIR; };
		B96B37C64CA0DBD655F94603 /* Pods-Story.debug.xcconfig */ = {isa = PBXFileReference; includeInIndex = 1; lastKnownFileType = text.xcconfig; name = "Pods-Story.debug.xcconfig"; path = "Pods/Target Support Files/Pods-Story/Pods-Story.debug.xcconfig"; sourceTree = "<group>"; };
		CDB60AE5FA7A7CF3C410C299 /* Pods-StoryTests.debug.xcconfig */ = {isa = PBXFileReference; includeInIndex = 1; lastKnownFileType = text.xcconfig; name = "Pods-StoryTests.debug.xcconfig"; path = "Pods/Target Support Files/Pods-StoryTests/Pods-StoryTests.debug.xcconfig"; sourceTree = "<group>"; };
		FC4888481C4A49380084E5EE /* PFConfig+Defaults.swift */ = {isa = PBXFileReference; fileEncoding = 4; lastKnownFileType = sourcecode.swift; path = "PFConfig+Defaults.swift"; sourceTree = "<group>"; };
		FC48884A1C4AA6430084E5EE /* Bookmark.swift */ = {isa = PBXFileReference; fileEncoding = 4; lastKnownFileType = sourcecode.swift; path = Bookmark.swift; sourceTree = "<group>"; };
		FC48884C1C4AC0D20084E5EE /* NSObject+Delay.swift */ = {isa = PBXFileReference; fileEncoding = 4; lastKnownFileType = sourcecode.swift; path = "NSObject+Delay.swift"; sourceTree = "<group>"; };
		FC48884E1C4AF2590084E5EE /* BookmarkCell.swift */ = {isa = PBXFileReference; fileEncoding = 4; lastKnownFileType = sourcecode.swift; path = BookmarkCell.swift; sourceTree = "<group>"; };
		FC4AEAEF1C48564900BB1003 /* String+Localized.swift */ = {isa = PBXFileReference; fileEncoding = 4; lastKnownFileType = sourcecode.swift; path = "String+Localized.swift"; sourceTree = "<group>"; };
		FC6E3DDB1B6804DF00D651CF /* Story.app */ = {isa = PBXFileReference; explicitFileType = wrapper.application; includeInIndex = 0; path = Story.app; sourceTree = BUILT_PRODUCTS_DIR; };
		FC6E3DDF1B6804DF00D651CF /* Info.plist */ = {isa = PBXFileReference; lastKnownFileType = text.plist.xml; path = Info.plist; sourceTree = "<group>"; };
		FC6E3DE01B6804DF00D651CF /* AppDelegate.swift */ = {isa = PBXFileReference; lastKnownFileType = sourcecode.swift; path = AppDelegate.swift; sourceTree = "<group>"; };
		FC6E3DE71B6804DF00D651CF /* Base */ = {isa = PBXFileReference; lastKnownFileType = file.storyboard; name = Base; path = Base.lproj/Main.storyboard; sourceTree = "<group>"; };
		FC6E3DE91B6804DF00D651CF /* Images.xcassets */ = {isa = PBXFileReference; lastKnownFileType = folder.assetcatalog; path = Images.xcassets; sourceTree = "<group>"; };
		FC6E3DEC1B6804DF00D651CF /* Base */ = {isa = PBXFileReference; lastKnownFileType = file.xib; name = Base; path = Base.lproj/LaunchScreen.xib; sourceTree = "<group>"; };
		FC6E3DF21B6804DF00D651CF /* StoryTests.xctest */ = {isa = PBXFileReference; explicitFileType = wrapper.cfbundle; includeInIndex = 0; path = StoryTests.xctest; sourceTree = BUILT_PRODUCTS_DIR; };
		FC6E3DF71B6804DF00D651CF /* Info.plist */ = {isa = PBXFileReference; lastKnownFileType = text.plist.xml; path = Info.plist; sourceTree = "<group>"; };
		FC6E3DF81B6804DF00D651CF /* StoryTests.swift */ = {isa = PBXFileReference; lastKnownFileType = sourcecode.swift; path = StoryTests.swift; sourceTree = "<group>"; };
		FC6E3E051B6805B600D651CF /* AudioToolbox.framework */ = {isa = PBXFileReference; lastKnownFileType = wrapper.framework; name = AudioToolbox.framework; path = System/Library/Frameworks/AudioToolbox.framework; sourceTree = SDKROOT; };
		FC6E3E071B6805BC00D651CF /* CFNetwork.framework */ = {isa = PBXFileReference; lastKnownFileType = wrapper.framework; name = CFNetwork.framework; path = System/Library/Frameworks/CFNetwork.framework; sourceTree = SDKROOT; };
		FC6E3E091B6805C300D651CF /* CoreGraphics.framework */ = {isa = PBXFileReference; lastKnownFileType = wrapper.framework; name = CoreGraphics.framework; path = System/Library/Frameworks/CoreGraphics.framework; sourceTree = SDKROOT; };
		FC6E3E0B1B6805CA00D651CF /* CoreLocation.framework */ = {isa = PBXFileReference; lastKnownFileType = wrapper.framework; name = CoreLocation.framework; path = System/Library/Frameworks/CoreLocation.framework; sourceTree = SDKROOT; };
		FC6E3E0D1B6805D000D651CF /* QuartzCore.framework */ = {isa = PBXFileReference; lastKnownFileType = wrapper.framework; name = QuartzCore.framework; path = System/Library/Frameworks/QuartzCore.framework; sourceTree = SDKROOT; };
		FC6E3E0F1B6805D600D651CF /* Security.framework */ = {isa = PBXFileReference; lastKnownFileType = wrapper.framework; name = Security.framework; path = System/Library/Frameworks/Security.framework; sourceTree = SDKROOT; };
		FC6E3E111B6805DC00D651CF /* StoreKit.framework */ = {isa = PBXFileReference; lastKnownFileType = wrapper.framework; name = StoreKit.framework; path = System/Library/Frameworks/StoreKit.framework; sourceTree = SDKROOT; };
		FC6E3E131B6805E300D651CF /* SystemConfiguration.framework */ = {isa = PBXFileReference; lastKnownFileType = wrapper.framework; name = SystemConfiguration.framework; path = System/Library/Frameworks/SystemConfiguration.framework; sourceTree = SDKROOT; };
		FC6E3E151B6805EB00D651CF /* libz.dylib */ = {isa = PBXFileReference; lastKnownFileType = "compiled.mach-o.dylib"; name = libz.dylib; path = usr/lib/libz.dylib; sourceTree = SDKROOT; };
		FC6E3E171B6805F300D651CF /* libsqlite3.dylib */ = {isa = PBXFileReference; lastKnownFileType = "compiled.mach-o.dylib"; name = libsqlite3.dylib; path = usr/lib/libsqlite3.dylib; sourceTree = SDKROOT; };
		FC89B5C51B696C8C0037ABE5 /* Color Pattern.png */ = {isa = PBXFileReference; lastKnownFileType = image.png; path = "Color Pattern.png"; sourceTree = "<group>"; };
		FC89B5C71B696DCD0037ABE5 /* Blue Palette.png */ = {isa = PBXFileReference; lastKnownFileType = image.png; path = "Blue Palette.png"; sourceTree = "<group>"; };
		FC89B5CA1B6974780037ABE5 /* Story-Bridging-Header.h */ = {isa = PBXFileReference; lastKnownFileType = sourcecode.c.h; path = "Story-Bridging-Header.h"; sourceTree = "<group>"; };
		FC89B5CB1B6974790037ABE5 /* SZTextView.h */ = {isa = PBXFileReference; fileEncoding = 4; lastKnownFileType = sourcecode.c.h; path = SZTextView.h; sourceTree = "<group>"; };
		FC89B5CC1B6974790037ABE5 /* SZTextView.m */ = {isa = PBXFileReference; fileEncoding = 4; lastKnownFileType = sourcecode.c.objc; path = SZTextView.m; sourceTree = "<group>"; };
		FC9160811C4951C300908E71 /* UIDevice+PlatformString.h */ = {isa = PBXFileReference; fileEncoding = 4; lastKnownFileType = sourcecode.c.h; path = "UIDevice+PlatformString.h"; sourceTree = "<group>"; };
		FC9160821C4951C300908E71 /* UIDevice+PlatformString.m */ = {isa = PBXFileReference; fileEncoding = 4; lastKnownFileType = sourcecode.c.objc; path = "UIDevice+PlatformString.m"; sourceTree = "<group>"; };
		FC9160841C49520800908E71 /* Reachability.swift */ = {isa = PBXFileReference; fileEncoding = 4; lastKnownFileType = sourcecode.swift; path = Reachability.swift; sourceTree = "<group>"; };
		FC9160861C49580400908E71 /* String+Replacing.swift */ = {isa = PBXFileReference; fileEncoding = 4; lastKnownFileType = sourcecode.swift; path = "String+Replacing.swift"; sourceTree = "<group>"; };
		FC9BCC9D1B6D626900806A71 /* UIViewController+SimpleAlert.swift */ = {isa = PBXFileReference; fileEncoding = 4; lastKnownFileType = sourcecode.swift; path = "UIViewController+SimpleAlert.swift"; sourceTree = "<group>"; };
		FCA1F9F61B6E2E2700E32582 /* Ranks.swift */ = {isa = PBXFileReference; fileEncoding = 4; lastKnownFileType = sourcecode.swift; path = Ranks.swift; sourceTree = "<group>"; };
		FCA1F9F81B6E317000E32582 /* Ranks.plist */ = {isa = PBXFileReference; fileEncoding = 4; lastKnownFileType = text.plist.xml; path = Ranks.plist; sourceTree = "<group>"; };
		FCA1F9FA1B6E462700E32582 /* PFUser+Data.swift */ = {isa = PBXFileReference; fileEncoding = 4; lastKnownFileType = sourcecode.swift; path = "PFUser+Data.swift"; sourceTree = "<group>"; };
		FCA1F9FD1B6E4AE000E32582 /* Base */ = {isa = PBXFileReference; lastKnownFileType = text.plist.strings; name = Base; path = Base.lproj/Localizable.strings; sourceTree = "<group>"; };
		FCA1F9FF1B6E4B3700E32582 /* de */ = {isa = PBXFileReference; lastKnownFileType = text.plist.strings; name = de; path = de.lproj/Localizable.strings; sourceTree = "<group>"; };
		FCA1FA001B6E52E000E32582 /* UIView+Shake.swift */ = {isa = PBXFileReference; fileEncoding = 4; lastKnownFileType = sourcecode.swift; path = "UIView+Shake.swift"; sourceTree = "<group>"; };
		FCAD64AA1C47B9FA00CDB9CB /* Podfile */ = {isa = PBXFileReference; lastKnownFileType = text; path = Podfile; sourceTree = "<group>"; xcLanguageSpecificationIdentifier = xcode.lang.ruby; };
		FCAD64AD1C47D87A00CDB9CB /* ViewController.swift */ = {isa = PBXFileReference; fileEncoding = 4; lastKnownFileType = sourcecode.swift; path = ViewController.swift; sourceTree = "<group>"; };
		FCAD64B01C47ECFE00CDB9CB /* Node.swift */ = {isa = PBXFileReference; fileEncoding = 4; lastKnownFileType = sourcecode.swift; path = Node.swift; sourceTree = "<group>"; };
		FCE424F61B6CEECE00D3B922 /* UIColor+Theme.swift */ = {isa = PBXFileReference; fileEncoding = 4; lastKnownFileType = sourcecode.swift; path = "UIColor+Theme.swift"; sourceTree = "<group>"; };
		FCE54CD31B6ABB0E00E3612B /* SmartButton.swift */ = {isa = PBXFileReference; fileEncoding = 4; lastKnownFileType = sourcecode.swift; path = SmartButton.swift; sourceTree = "<group>"; };
/* End PBXFileReference section */

/* Begin PBXFrameworksBuildPhase section */
		FC6E3DD81B6804DF00D651CF /* Frameworks */ = {
			isa = PBXFrameworksBuildPhase;
			buildActionMask = 2147483647;
			files = (
				FC6E3E181B6805F300D651CF /* libsqlite3.dylib in Frameworks */,
				FC6E3E161B6805EB00D651CF /* libz.dylib in Frameworks */,
				FC6E3E141B6805E300D651CF /* SystemConfiguration.framework in Frameworks */,
				FC6E3E121B6805DC00D651CF /* StoreKit.framework in Frameworks */,
				FC6E3E101B6805D600D651CF /* Security.framework in Frameworks */,
				FC6E3E0E1B6805D000D651CF /* QuartzCore.framework in Frameworks */,
				FC6E3E0C1B6805CA00D651CF /* CoreLocation.framework in Frameworks */,
				FC6E3E0A1B6805C300D651CF /* CoreGraphics.framework in Frameworks */,
				FC6E3E081B6805BC00D651CF /* CFNetwork.framework in Frameworks */,
				FC6E3E061B6805B600D651CF /* AudioToolbox.framework in Frameworks */,
				68E8AB166849504BEC1F2A28 /* Pods_Story.framework in Frameworks */,
			);
			runOnlyForDeploymentPostprocessing = 0;
		};
		FC6E3DEF1B6804DF00D651CF /* Frameworks */ = {
			isa = PBXFrameworksBuildPhase;
			buildActionMask = 2147483647;
			files = (
				87CF45C30B9D6B739C6D413E /* Pods_StoryTests.framework in Frameworks */,
			);
			runOnlyForDeploymentPostprocessing = 0;
		};
/* End PBXFrameworksBuildPhase section */

/* Begin PBXGroup section */
		7B7F2DD6F76D954BB01DC88D /* Pods */ = {
			isa = PBXGroup;
			children = (
				B96B37C64CA0DBD655F94603 /* Pods-Story.debug.xcconfig */,
				75FF0A08408C6DC3FECE197F /* Pods-Story.release.xcconfig */,
				CDB60AE5FA7A7CF3C410C299 /* Pods-StoryTests.debug.xcconfig */,
				20995027E3DF0B25275A3152 /* Pods-StoryTests.release.xcconfig */,
			);
			name = Pods;
			sourceTree = "<group>";
		};
		FC4AEAF11C48564D00BB1003 /* Extensions */ = {
			isa = PBXGroup;
			children = (
				FC9160861C49580400908E71 /* String+Replacing.swift */,
				FC9BCC9D1B6D626900806A71 /* UIViewController+SimpleAlert.swift */,
				FC4AEAEF1C48564900BB1003 /* String+Localized.swift */,
				FC4888481C4A49380084E5EE /* PFConfig+Defaults.swift */,
				FC48884C1C4AC0D20084E5EE /* NSObject+Delay.swift */,
			);
			name = Extensions;
			sourceTree = "<group>";
		};
		FC6E3DD21B6804DF00D651CF = {
			isa = PBXGroup;
			children = (
				FCAD64AA1C47B9FA00CDB9CB /* Podfile */,
				FC89B5C71B696DCD0037ABE5 /* Blue Palette.png */,
				FC89B5C51B696C8C0037ABE5 /* Color Pattern.png */,
				FC6E3E021B68057C00D651CF /* Frameworks */,
				FC6E3DDD1B6804DF00D651CF /* Story */,
				FC6E3DF51B6804DF00D651CF /* StoryTests */,
				FC6E3DDC1B6804DF00D651CF /* Products */,
				7B7F2DD6F76D954BB01DC88D /* Pods */,
			);
			sourceTree = "<group>";
		};
		FC6E3DDC1B6804DF00D651CF /* Products */ = {
			isa = PBXGroup;
			children = (
				FC6E3DDB1B6804DF00D651CF /* Story.app */,
				FC6E3DF21B6804DF00D651CF /* StoryTests.xctest */,
			);
			name = Products;
			sourceTree = "<group>";
		};
		FC6E3DDD1B6804DF00D651CF /* Story */ = {
			isa = PBXGroup;
			children = (
				FC4AEAF11C48564D00BB1003 /* Extensions */,
				FCAD64AF1C47ECE800CDB9CB /* Model */,
				FCAD64AC1C47D86B00CDB9CB /* ViewControllers */,
				FC89B5C91B69746E0037ABE5 /* ObjC */,
				FC6E3DE01B6804DF00D651CF /* AppDelegate.swift */,
				FC48884E1C4AF2590084E5EE /* BookmarkCell.swift */,
				FC6E3DE61B6804DF00D651CF /* Main.storyboard */,
				FCE424F61B6CEECE00D3B922 /* UIColor+Theme.swift */,
				FCA1F9F61B6E2E2700E32582 /* Ranks.swift */,
				FCA1FA001B6E52E000E32582 /* UIView+Shake.swift */,
				FCA1F9F81B6E317000E32582 /* Ranks.plist */,
				FCA1F9FA1B6E462700E32582 /* PFUser+Data.swift */,
				FCE54CD31B6ABB0E00E3612B /* SmartButton.swift */,
				FC9160841C49520800908E71 /* Reachability.swift */,
				FC6E3DE91B6804DF00D651CF /* Images.xcassets */,
				FC6E3DEB1B6804DF00D651CF /* LaunchScreen.xib */,
				FCA1F9FC1B6E4AE000E32582 /* Localizable.strings */,
				FC6E3DDE1B6804DF00D651CF /* Supporting Files */,
			);
			path = Story;
			sourceTree = "<group>";
		};
		FC6E3DDE1B6804DF00D651CF /* Supporting Files */ = {
			isa = PBXGroup;
			children = (
				FC6E3DDF1B6804DF00D651CF /* Info.plist */,
			);
			name = "Supporting Files";
			sourceTree = "<group>";
		};
		FC6E3DF51B6804DF00D651CF /* StoryTests */ = {
			isa = PBXGroup;
			children = (
				FC6E3DF81B6804DF00D651CF /* StoryTests.swift */,
				FC6E3DF61B6804DF00D651CF /* Supporting Files */,
			);
			path = StoryTests;
			sourceTree = "<group>";
		};
		FC6E3DF61B6804DF00D651CF /* Supporting Files */ = {
			isa = PBXGroup;
			children = (
				FC6E3DF71B6804DF00D651CF /* Info.plist */,
			);
			name = "Supporting Files";
			sourceTree = "<group>";
		};
		FC6E3E021B68057C00D651CF /* Frameworks */ = {
			isa = PBXGroup;
			children = (
				FC6E3E171B6805F300D651CF /* libsqlite3.dylib */,
				FC6E3E151B6805EB00D651CF /* libz.dylib */,
				FC6E3E131B6805E300D651CF /* SystemConfiguration.framework */,
				FC6E3E111B6805DC00D651CF /* StoreKit.framework */,
				FC6E3E0F1B6805D600D651CF /* Security.framework */,
				FC6E3E0D1B6805D000D651CF /* QuartzCore.framework */,
				FC6E3E0B1B6805CA00D651CF /* CoreLocation.framework */,
				FC6E3E091B6805C300D651CF /* CoreGraphics.framework */,
				FC6E3E071B6805BC00D651CF /* CFNetwork.framework */,
				FC6E3E051B6805B600D651CF /* AudioToolbox.framework */,
				7E04D50B9B9CC50509AB9515 /* Pods_Story.framework */,
				A33AE9BE45C60232CE38C2BE /* Pods_StoryTests.framework */,
			);
			name = Frameworks;
			sourceTree = "<group>";
		};
		FC89B5C91B69746E0037ABE5 /* ObjC */ = {
			isa = PBXGroup;
			children = (
				FC9160811C4951C300908E71 /* UIDevice+PlatformString.h */,
				FC9160821C4951C300908E71 /* UIDevice+PlatformString.m */,
				FC89B5CB1B6974790037ABE5 /* SZTextView.h */,
				FC89B5CC1B6974790037ABE5 /* SZTextView.m */,
				FC89B5CA1B6974780037ABE5 /* Story-Bridging-Header.h */,
			);
			name = ObjC;
			sourceTree = "<group>";
		};
		FCAD64AC1C47D86B00CDB9CB /* ViewControllers */ = {
			isa = PBXGroup;
			children = (
				FCAD64AD1C47D87A00CDB9CB /* ViewController.swift */,
			);
			name = ViewControllers;
			sourceTree = "<group>";
		};
		FCAD64AF1C47ECE800CDB9CB /* Model */ = {
			isa = PBXGroup;
			children = (
				FCAD64B01C47ECFE00CDB9CB /* Node.swift */,
				FC48884A1C4AA6430084E5EE /* Bookmark.swift */,
			);
			name = Model;
			sourceTree = "<group>";
		};
/* End PBXGroup section */

/* Begin PBXNativeTarget section */
		FC6E3DDA1B6804DF00D651CF /* Story */ = {
			isa = PBXNativeTarget;
			buildConfigurationList = FC6E3DFC1B6804DF00D651CF /* Build configuration list for PBXNativeTarget "Story" */;
			buildPhases = (
				E5EB7666C5DB8F60D15EF7F4 /* Check Pods Manifest.lock */,
				FC6E3DD71B6804DF00D651CF /* Sources */,
				FC6E3DD81B6804DF00D651CF /* Frameworks */,
				FC6E3DD91B6804DF00D651CF /* Resources */,
				8DEDA92F117D397FC22DD245 /* Embed Pods Frameworks */,
				650AE592693A161B3D834975 /* Copy Pods Resources */,
				FCAD64AB1C47BE3C00CDB9CB /* ShellScript */,
			);
			buildRules = (
			);
			dependencies = (
			);
			name = Story;
			productName = Story;
			productReference = FC6E3DDB1B6804DF00D651CF /* Story.app */;
			productType = "com.apple.product-type.application";
		};
		FC6E3DF11B6804DF00D651CF /* StoryTests */ = {
			isa = PBXNativeTarget;
			buildConfigurationList = FC6E3DFF1B6804DF00D651CF /* Build configuration list for PBXNativeTarget "StoryTests" */;
			buildPhases = (
				F2F7C04095447DA0776887BB /* Check Pods Manifest.lock */,
				FC6E3DEE1B6804DF00D651CF /* Sources */,
				FC6E3DEF1B6804DF00D651CF /* Frameworks */,
				FC6E3DF01B6804DF00D651CF /* Resources */,
				A78F7A0A66E23D3AA895FF4D /* Embed Pods Frameworks */,
				8E096B5584CD6EBED935E395 /* Copy Pods Resources */,
			);
			buildRules = (
			);
			dependencies = (
				FC6E3DF41B6804DF00D651CF /* PBXTargetDependency */,
			);
			name = StoryTests;
			productName = StoryTests;
			productReference = FC6E3DF21B6804DF00D651CF /* StoryTests.xctest */;
			productType = "com.apple.product-type.bundle.unit-test";
		};
/* End PBXNativeTarget section */

/* Begin PBXProject section */
		FC6E3DD31B6804DF00D651CF /* Project object */ = {
			isa = PBXProject;
			attributes = {
				LastSwiftMigration = 0720;
				LastSwiftUpdateCheck = 0720;
				LastUpgradeCheck = 0720;
				ORGANIZATIONNAME = Titschka;
				TargetAttributes = {
					FC6E3DDA1B6804DF00D651CF = {
						CreatedOnToolsVersion = 6.4;
						DevelopmentTeam = 4J9U9M79Y8;
					};
					FC6E3DF11B6804DF00D651CF = {
						CreatedOnToolsVersion = 6.4;
						TestTargetID = FC6E3DDA1B6804DF00D651CF;
					};
				};
			};
			buildConfigurationList = FC6E3DD61B6804DF00D651CF /* Build configuration list for PBXProject "Story" */;
			compatibilityVersion = "Xcode 3.2";
			developmentRegion = English;
			hasScannedForEncodings = 0;
			knownRegions = (
				en,
				Base,
				de,
			);
			mainGroup = FC6E3DD21B6804DF00D651CF;
			productRefGroup = FC6E3DDC1B6804DF00D651CF /* Products */;
			projectDirPath = "";
			projectRoot = "";
			targets = (
				FC6E3DDA1B6804DF00D651CF /* Story */,
				FC6E3DF11B6804DF00D651CF /* StoryTests */,
			);
		};
/* End PBXProject section */

/* Begin PBXResourcesBuildPhase section */
		FC6E3DD91B6804DF00D651CF /* Resources */ = {
			isa = PBXResourcesBuildPhase;
			buildActionMask = 2147483647;
			files = (
				FC6E3DE81B6804DF00D651CF /* Main.storyboard in Resources */,
				FC89B5C81B696DCD0037ABE5 /* Blue Palette.png in Resources */,
				FCA1F9F91B6E317000E32582 /* Ranks.plist in Resources */,
				FCA1F9FE1B6E4AE000E32582 /* Localizable.strings in Resources */,
				FC89B5C61B696C8C0037ABE5 /* Color Pattern.png in Resources */,
				FC6E3DED1B6804DF00D651CF /* LaunchScreen.xib in Resources */,
				FC6E3DEA1B6804DF00D651CF /* Images.xcassets in Resources */,
			);
			runOnlyForDeploymentPostprocessing = 0;
		};
		FC6E3DF01B6804DF00D651CF /* Resources */ = {
			isa = PBXResourcesBuildPhase;
			buildActionMask = 2147483647;
			files = (
			);
			runOnlyForDeploymentPostprocessing = 0;
		};
/* End PBXResourcesBuildPhase section */

/* Begin PBXShellScriptBuildPhase section */
		650AE592693A161B3D834975 /* Copy Pods Resources */ = {
			isa = PBXShellScriptBuildPhase;
			buildActionMask = 2147483647;
			files = (
			);
			inputPaths = (
			);
			name = "Copy Pods Resources";
			outputPaths = (
			);
			runOnlyForDeploymentPostprocessing = 0;
			shellPath = /bin/sh;
			shellScript = "\"${SRCROOT}/Pods/Target Support Files/Pods-Story/Pods-Story-resources.sh\"\n";
			showEnvVarsInLog = 0;
		};
		8DEDA92F117D397FC22DD245 /* Embed Pods Frameworks */ = {
			isa = PBXShellScriptBuildPhase;
			buildActionMask = 2147483647;
			files = (
			);
			inputPaths = (
			);
			name = "Embed Pods Frameworks";
			outputPaths = (
			);
			runOnlyForDeploymentPostprocessing = 0;
			shellPath = /bin/sh;
			shellScript = "\"${SRCROOT}/Pods/Target Support Files/Pods-Story/Pods-Story-frameworks.sh\"\n";
			showEnvVarsInLog = 0;
		};
		8E096B5584CD6EBED935E395 /* Copy Pods Resources */ = {
			isa = PBXShellScriptBuildPhase;
			buildActionMask = 2147483647;
			files = (
			);
			inputPaths = (
			);
			name = "Copy Pods Resources";
			outputPaths = (
			);
			runOnlyForDeploymentPostprocessing = 0;
			shellPath = /bin/sh;
			shellScript = "\"${SRCROOT}/Pods/Target Support Files/Pods-StoryTests/Pods-StoryTests-resources.sh\"\n";
			showEnvVarsInLog = 0;
		};
		A78F7A0A66E23D3AA895FF4D /* Embed Pods Frameworks */ = {
			isa = PBXShellScriptBuildPhase;
			buildActionMask = 2147483647;
			files = (
			);
			inputPaths = (
			);
			name = "Embed Pods Frameworks";
			outputPaths = (
			);
			runOnlyForDeploymentPostprocessing = 0;
			shellPath = /bin/sh;
			shellScript = "\"${SRCROOT}/Pods/Target Support Files/Pods-StoryTests/Pods-StoryTests-frameworks.sh\"\n";
			showEnvVarsInLog = 0;
		};
		E5EB7666C5DB8F60D15EF7F4 /* Check Pods Manifest.lock */ = {
			isa = PBXShellScriptBuildPhase;
			buildActionMask = 2147483647;
			files = (
			);
			inputPaths = (
			);
			name = "Check Pods Manifest.lock";
			outputPaths = (
			);
			runOnlyForDeploymentPostprocessing = 0;
			shellPath = /bin/sh;
			shellScript = "diff \"${PODS_ROOT}/../Podfile.lock\" \"${PODS_ROOT}/Manifest.lock\" > /dev/null\nif [[ $? != 0 ]] ; then\n    cat << EOM\nerror: The sandbox is not in sync with the Podfile.lock. Run 'pod install' or update your CocoaPods installation.\nEOM\n    exit 1\nfi\n";
			showEnvVarsInLog = 0;
		};
		F2F7C04095447DA0776887BB /* Check Pods Manifest.lock */ = {
			isa = PBXShellScriptBuildPhase;
			buildActionMask = 2147483647;
			files = (
			);
			inputPaths = (
			);
			name = "Check Pods Manifest.lock";
			outputPaths = (
			);
			runOnlyForDeploymentPostprocessing = 0;
			shellPath = /bin/sh;
			shellScript = "diff \"${PODS_ROOT}/../Podfile.lock\" \"${PODS_ROOT}/Manifest.lock\" > /dev/null\nif [[ $? != 0 ]] ; then\n    cat << EOM\nerror: The sandbox is not in sync with the Podfile.lock. Run 'pod install' or update your CocoaPods installation.\nEOM\n    exit 1\nfi\n";
			showEnvVarsInLog = 0;
		};
		FCAD64AB1C47BE3C00CDB9CB /* ShellScript */ = {
			isa = PBXShellScriptBuildPhase;
			buildActionMask = 2147483647;
			files = (
			);
			inputPaths = (
			);
			outputPaths = (
			);
			runOnlyForDeploymentPostprocessing = 0;
			shellPath = /bin/sh;
			shellScript = "\"${PODS_ROOT}/Fabric/run\" 40327ff403daba0aa092e0b236cedc55fd536d77 2e1c5260b70a5a1fbde2fe3f4dc74c306849a64228a2646907a25dfed8aea2cb";
		};
/* End PBXShellScriptBuildPhase section */

/* Begin PBXSourcesBuildPhase section */
		FC6E3DD71B6804DF00D651CF /* Sources */ = {
			isa = PBXSourcesBuildPhase;
			buildActionMask = 2147483647;
			files = (
				FC48884D1C4AC0D20084E5EE /* NSObject+Delay.swift in Sources */,
				FCAD64AE1C47D87A00CDB9CB /* ViewController.swift in Sources */,
				FC48884B1C4AA6430084E5EE /* Bookmark.swift in Sources */,
				FCE54CD41B6ABB0E00E3612B /* SmartButton.swift in Sources */,
				FC9160851C49520800908E71 /* Reachability.swift in Sources */,
				FC9BCC9E1B6D626900806A71 /* UIViewController+SimpleAlert.swift in Sources */,
				FC9160871C49580400908E71 /* String+Replacing.swift in Sources */,
				FC9160831C4951C300908E71 /* UIDevice+PlatformString.m in Sources */,
				FCA1FA011B6E52E000E32582 /* UIView+Shake.swift in Sources */,
				FC48884F1C4AF2590084E5EE /* BookmarkCell.swift in Sources */,
				FCA1F9FB1B6E462700E32582 /* PFUser+Data.swift in Sources */,
				FCE424F71B6CEECE00D3B922 /* UIColor+Theme.swift in Sources */,
				FCA1F9F71B6E2E2700E32582 /* Ranks.swift in Sources */,
				FC4888491C4A49380084E5EE /* PFConfig+Defaults.swift in Sources */,
				FC89B5CD1B6974790037ABE5 /* SZTextView.m in Sources */,
				FC4AEAF01C48564900BB1003 /* String+Localized.swift in Sources */,
				FCAD64B11C47ECFE00CDB9CB /* Node.swift in Sources */,
				FC6E3DE11B6804DF00D651CF /* AppDelegate.swift in Sources */,
			);
			runOnlyForDeploymentPostprocessing = 0;
		};
		FC6E3DEE1B6804DF00D651CF /* Sources */ = {
			isa = PBXSourcesBuildPhase;
			buildActionMask = 2147483647;
			files = (
				FC6E3DF91B6804DF00D651CF /* StoryTests.swift in Sources */,
			);
			runOnlyForDeploymentPostprocessing = 0;
		};
/* End PBXSourcesBuildPhase section */

/* Begin PBXTargetDependency section */
		FC6E3DF41B6804DF00D651CF /* PBXTargetDependency */ = {
			isa = PBXTargetDependency;
			target = FC6E3DDA1B6804DF00D651CF /* Story */;
			targetProxy = FC6E3DF31B6804DF00D651CF /* PBXContainerItemProxy */;
		};
/* End PBXTargetDependency section */

/* Begin PBXVariantGroup section */
		FC6E3DE61B6804DF00D651CF /* Main.storyboard */ = {
			isa = PBXVariantGroup;
			children = (
				FC6E3DE71B6804DF00D651CF /* Base */,
			);
			name = Main.storyboard;
			sourceTree = "<group>";
		};
		FC6E3DEB1B6804DF00D651CF /* LaunchScreen.xib */ = {
			isa = PBXVariantGroup;
			children = (
				FC6E3DEC1B6804DF00D651CF /* Base */,
			);
			name = LaunchScreen.xib;
			sourceTree = "<group>";
		};
		FCA1F9FC1B6E4AE000E32582 /* Localizable.strings */ = {
			isa = PBXVariantGroup;
			children = (
				FCA1F9FD1B6E4AE000E32582 /* Base */,
				FCA1F9FF1B6E4B3700E32582 /* de */,
			);
			name = Localizable.strings;
			sourceTree = "<group>";
		};
/* End PBXVariantGroup section */

/* Begin XCBuildConfiguration section */
		FC6E3DFA1B6804DF00D651CF /* Debug */ = {
			isa = XCBuildConfiguration;
			buildSettings = {
				ALWAYS_SEARCH_USER_PATHS = NO;
				CLANG_CXX_LANGUAGE_STANDARD = "gnu++0x";
				CLANG_CXX_LIBRARY = "libc++";
				CLANG_ENABLE_MODULES = YES;
				CLANG_ENABLE_OBJC_ARC = YES;
				CLANG_WARN_BOOL_CONVERSION = YES;
				CLANG_WARN_CONSTANT_CONVERSION = YES;
				CLANG_WARN_DIRECT_OBJC_ISA_USAGE = YES_ERROR;
				CLANG_WARN_EMPTY_BODY = YES;
				CLANG_WARN_ENUM_CONVERSION = YES;
				CLANG_WARN_INT_CONVERSION = YES;
				CLANG_WARN_OBJC_ROOT_CLASS = YES_ERROR;
				CLANG_WARN_UNREACHABLE_CODE = YES;
				CLANG_WARN__DUPLICATE_METHOD_MATCH = YES;
				"CODE_SIGN_IDENTITY[sdk=iphoneos*]" = "iPhone Developer";
				COPY_PHASE_STRIP = NO;
				DEBUG_INFORMATION_FORMAT = "dwarf-with-dsym";
				ENABLE_STRICT_OBJC_MSGSEND = YES;
				ENABLE_TESTABILITY = YES;
				GCC_C_LANGUAGE_STANDARD = gnu99;
				GCC_DYNAMIC_NO_PIC = NO;
				GCC_NO_COMMON_BLOCKS = YES;
				GCC_OPTIMIZATION_LEVEL = 0;
				GCC_PREPROCESSOR_DEFINITIONS = (
					"DEBUG=1",
					"$(inherited)",
				);
				GCC_SYMBOLS_PRIVATE_EXTERN = NO;
				GCC_WARN_64_TO_32_BIT_CONVERSION = YES;
				GCC_WARN_ABOUT_RETURN_TYPE = YES_ERROR;
				GCC_WARN_UNDECLARED_SELECTOR = YES;
				GCC_WARN_UNINITIALIZED_AUTOS = YES_AGGRESSIVE;
				GCC_WARN_UNUSED_FUNCTION = YES;
				GCC_WARN_UNUSED_VARIABLE = YES;
				IPHONEOS_DEPLOYMENT_TARGET = 8.4;
				MTL_ENABLE_DEBUG_INFO = YES;
				ONLY_ACTIVE_ARCH = YES;
				SDKROOT = iphoneos;
				SWIFT_OPTIMIZATION_LEVEL = "-Onone";
				TARGETED_DEVICE_FAMILY = "1,2";
			};
			name = Debug;
		};
		FC6E3DFB1B6804DF00D651CF /* Release */ = {
			isa = XCBuildConfiguration;
			buildSettings = {
				ALWAYS_SEARCH_USER_PATHS = NO;
				CLANG_CXX_LANGUAGE_STANDARD = "gnu++0x";
				CLANG_CXX_LIBRARY = "libc++";
				CLANG_ENABLE_MODULES = YES;
				CLANG_ENABLE_OBJC_ARC = YES;
				CLANG_WARN_BOOL_CONVERSION = YES;
				CLANG_WARN_CONSTANT_CONVERSION = YES;
				CLANG_WARN_DIRECT_OBJC_ISA_USAGE = YES_ERROR;
				CLANG_WARN_EMPTY_BODY = YES;
				CLANG_WARN_ENUM_CONVERSION = YES;
				CLANG_WARN_INT_CONVERSION = YES;
				CLANG_WARN_OBJC_ROOT_CLASS = YES_ERROR;
				CLANG_WARN_UNREACHABLE_CODE = YES;
				CLANG_WARN__DUPLICATE_METHOD_MATCH = YES;
				"CODE_SIGN_IDENTITY[sdk=iphoneos*]" = "iPhone Developer";
				COPY_PHASE_STRIP = NO;
				DEBUG_INFORMATION_FORMAT = "dwarf-with-dsym";
				ENABLE_NS_ASSERTIONS = NO;
				ENABLE_STRICT_OBJC_MSGSEND = YES;
				GCC_C_LANGUAGE_STANDARD = gnu99;
				GCC_NO_COMMON_BLOCKS = YES;
				GCC_WARN_64_TO_32_BIT_CONVERSION = YES;
				GCC_WARN_ABOUT_RETURN_TYPE = YES_ERROR;
				GCC_WARN_UNDECLARED_SELECTOR = YES;
				GCC_WARN_UNINITIALIZED_AUTOS = YES_AGGRESSIVE;
				GCC_WARN_UNUSED_FUNCTION = YES;
				GCC_WARN_UNUSED_VARIABLE = YES;
				IPHONEOS_DEPLOYMENT_TARGET = 8.4;
				MTL_ENABLE_DEBUG_INFO = NO;
				SDKROOT = iphoneos;
				TARGETED_DEVICE_FAMILY = "1,2";
				VALIDATE_PRODUCT = YES;
			};
			name = Release;
		};
		FC6E3DFD1B6804DF00D651CF /* Debug */ = {
			isa = XCBuildConfiguration;
			baseConfigurationReference = B96B37C64CA0DBD655F94603 /* Pods-Story.debug.xcconfig */;
			buildSettings = {
				ASSETCATALOG_COMPILER_APPICON_NAME = AppIcon;
				CLANG_ENABLE_MODULES = YES;
				CODE_SIGN_IDENTITY = "iPhone Developer";
				"CODE_SIGN_IDENTITY[sdk=iphoneos*]" = "iPhone Developer";
				FRAMEWORK_SEARCH_PATHS = (
					"$(inherited)",
					"$(PROJECT_DIR)",
				);
				INFOPLIST_FILE = Story/Info.plist;
				IPHONEOS_DEPLOYMENT_TARGET = 8.0;
				LD_RUNPATH_SEARCH_PATHS = "$(inherited) @executable_path/Frameworks";
				OTHER_SWIFT_FLAGS = "$(inherited) \"-D\" \"COCOAPODS\" -DDEBUG";
				PRODUCT_BUNDLE_IDENTIFIER = "de.titschka.$(PRODUCT_NAME:rfc1034identifier)";
				PRODUCT_NAME = "$(TARGET_NAME)";
				PROVISIONING_PROFILE = "";
				SWIFT_OBJC_BRIDGING_HEADER = "Story/Story-Bridging-Header.h";
				SWIFT_OPTIMIZATION_LEVEL = "-Onone";
			};
			name = Debug;
		};
		FC6E3DFE1B6804DF00D651CF /* Release */ = {
			isa = XCBuildConfiguration;
			baseConfigurationReference = 75FF0A08408C6DC3FECE197F /* Pods-Story.release.xcconfig */;
			buildSettings = {
				ASSETCATALOG_COMPILER_APPICON_NAME = AppIcon;
				CLANG_ENABLE_MODULES = YES;
				CODE_SIGN_IDENTITY = "iPhone Developer";
				"CODE_SIGN_IDENTITY[sdk=iphoneos*]" = "iPhone Distribution: Hanno Bruns (4J9U9M79Y8)";
				FRAMEWORK_SEARCH_PATHS = (
					"$(inherited)",
					"$(PROJECT_DIR)",
				);
				INFOPLIST_FILE = Story/Info.plist;
				IPHONEOS_DEPLOYMENT_TARGET = 8.0;
				LD_RUNPATH_SEARCH_PATHS = "$(inherited) @executable_path/Frameworks";
				PRODUCT_BUNDLE_IDENTIFIER = "de.titschka.$(PRODUCT_NAME:rfc1034identifier)";
				PRODUCT_NAME = "$(TARGET_NAME)";
				PROVISIONING_PROFILE = "d1fbf13e-f1da-41ca-93a0-f02801561b2d";
				SWIFT_OBJC_BRIDGING_HEADER = "Story/Story-Bridging-Header.h";
			};
			name = Release;
		};
		FC6E3E001B6804DF00D651CF /* Debug */ = {
			isa = XCBuildConfiguration;
			baseConfigurationReference = CDB60AE5FA7A7CF3C410C299 /* Pods-StoryTests.debug.xcconfig */;
			buildSettings = {
				BUNDLE_LOADER = "$(TEST_HOST)";
				FRAMEWORK_SEARCH_PATHS = (
					"$(SDKROOT)/Developer/Library/Frameworks",
					"$(inherited)",
				);
				GCC_PREPROCESSOR_DEFINITIONS = (
					"DEBUG=1",
					"$(inherited)",
				);
				INFOPLIST_FILE = StoryTests/Info.plist;
				LD_RUNPATH_SEARCH_PATHS = "$(inherited) @executable_path/Frameworks @loader_path/Frameworks";
				PRODUCT_BUNDLE_IDENTIFIER = "de.titschka.$(PRODUCT_NAME:rfc1034identifier)";
				PRODUCT_NAME = "$(TARGET_NAME)";
				TEST_HOST = "$(BUILT_PRODUCTS_DIR)/Story.app/Story";
			};
			name = Debug;
		};
		FC6E3E011B6804DF00D651CF /* Release */ = {
			isa = XCBuildConfiguration;
			baseConfigurationReference = 20995027E3DF0B25275A3152 /* Pods-StoryTests.release.xcconfig */;
			buildSettings = {
				BUNDLE_LOADER = "$(TEST_HOST)";
				FRAMEWORK_SEARCH_PATHS = (
					"$(SDKROOT)/Developer/Library/Frameworks",
					"$(inherited)",
				);
				INFOPLIST_FILE = StoryTests/Info.plist;
				LD_RUNPATH_SEARCH_PATHS = "$(inherited) @executable_path/Frameworks @loader_path/Frameworks";
				PRODUCT_BUNDLE_IDENTIFIER = "de.titschka.$(PRODUCT_NAME:rfc1034identifier)";
				PRODUCT_NAME = "$(TARGET_NAME)";
				TEST_HOST = "$(BUILT_PRODUCTS_DIR)/Story.app/Story";
			};
			name = Release;
		};
/* End XCBuildConfiguration section */

/* Begin XCConfigurationList section */
		FC6E3DD61B6804DF00D651CF /* Build configuration list for PBXProject "Story" */ = {
			isa = XCConfigurationList;
			buildConfigurations = (
				FC6E3DFA1B6804DF00D651CF /* Debug */,
				FC6E3DFB1B6804DF00D651CF /* Release */,
			);
			defaultConfigurationIsVisible = 0;
			defaultConfigurationName = Release;
		};
		FC6E3DFC1B6804DF00D651CF /* Build configuration list for PBXNativeTarget "Story" */ = {
			isa = XCConfigurationList;
			buildConfigurations = (
				FC6E3DFD1B6804DF00D651CF /* Debug */,
				FC6E3DFE1B6804DF00D651CF /* Release */,
			);
			defaultConfigurationIsVisible = 0;
			defaultConfigurationName = Release;
		};
		FC6E3DFF1B6804DF00D651CF /* Build configuration list for PBXNativeTarget "StoryTests" */ = {
			isa = XCConfigurationList;
			buildConfigurations = (
				FC6E3E001B6804DF00D651CF /* Debug */,
				FC6E3E011B6804DF00D651CF /* Release */,
			);
			defaultConfigurationIsVisible = 0;
			defaultConfigurationName = Release;
		};
/* End XCConfigurationList section */
	};
	rootObject = FC6E3DD31B6804DF00D651CF /* Project object */;
}
